
Microsoft Visual Studio Solution File, Format Version 12.00
# Visual Studio Version 17
VisualStudioVersion = 17.0.31903.59
MinimumVisualStudioVersion = 10.0.40219.1
Project("{2150E333-8FDC-42A3-9474-1A3956D46DE8}") = "src", "src", "{5FB59DE5-2F89-4B96-80A0-43163E984D1E}"
EndProject
Project("{FAE04EC0-301F-11D3-BF4B-00C04F79EFBC}") = "PolilamInventory.Web", "src\PolilamInventory.Web\PolilamInventory.Web.csproj", "{A88C6264-7446-4690-B030-5B2CB0B8E5D2}"
EndProject
Project("{2150E333-8FDC-42A3-9474-1A3956D46DE8}") = "tests", "tests", "{4088067C-EC13-46D6-88AB-34F8CDD2E549}"
EndProject
Project("{FAE04EC0-301F-11D3-BF4B-00C04F79EFBC}") = "PolilamInventory.Tests", "tests\PolilamInventory.Tests\PolilamInventory.Tests.csproj", "{DDF5FEC0-E9EB-44A3-A650-8C1926CE1513}"
EndProject
Global
	GlobalSection(SolutionConfigurationPlatforms) = preSolution
		Debug|Any CPU = Debug|Any CPU
		Release|Any CPU = Release|Any CPU
	EndGlobalSection
	GlobalSection(SolutionProperties) = preSolution
		HideSolutionNode = FALSE
	EndGlobalSection
	GlobalSection(ProjectConfigurationPlatforms) = postSolution
		{A88C6264-7446-4690-B030-5B2CB0B8E5D2}.Debug|Any CPU.ActiveCfg = Debug|Any CPU
		{A88C6264-7446-4690-B030-5B2CB0B8E5D2}.Debug|Any CPU.Build.0 = Debug|Any CPU
		{A88C6264-7446-4690-B030-5B2CB0B8E5D2}.Release|Any CPU.ActiveCfg = Release|Any CPU
		{A88C6264-7446-4690-B030-5B2CB0B8E5D2}.Release|Any CPU.Build.0 = Release|Any CPU
		{DDF5FEC0-E9EB-44A3-A650-8C1926CE1513}.Debug|Any CPU.ActiveCfg = Debug|Any CPU
		{DDF5FEC0-E9EB-44A3-A650-8C1926CE1513}.Debug|Any CPU.Build.0 = Debug|Any CPU
		{DDF5FEC0-E9EB-44A3-A650-8C1926CE1513}.Release|Any CPU.ActiveCfg = Release|Any CPU
		{DDF5FEC0-E9EB-44A3-A650-8C1926CE1513}.Release|Any CPU.Build.0 = Release|Any CPU
	EndGlobalSection
	GlobalSection(NestedProjects) = preSolution
		{A88C6264-7446-4690-B030-5B2CB0B8E5D2} = {5FB59DE5-2F89-4B96-80A0-43163E984D1E}
		{DDF5FEC0-E9EB-44A3-A650-8C1926CE1513} = {4088067C-EC13-46D6-88AB-34F8CDD2E549}
	EndGlobalSection
EndGlobal
